
Microsoft Visual Studio Solution File, Format Version 12.00
# Visual Studio 15
VisualStudioVersion = 15.0.28307.271
MinimumVisualStudioVersion = 10.0.40219.1
Project("{9A19103F-16F7-4668-BE54-9A1E7A4F7556}") = "Modeling", "Modeling\Modeling.csproj", "{8F9FBC4D-C7D9-4038-A190-6411DC3BA706}"
EndProject
Project("{2150E333-8FDC-42A3-9474-1A3956D46DE8}") = "Solution Items", "Solution Items", "{CBC6E821-6C22-41C6-9908-D736B7EE3356}"
	ProjectSection(SolutionItems) = preProject
		OneToOne_Convention.png = OneToOne_Convention.png
	EndProjectSection
EndProject
Global
	GlobalSection(SolutionConfigurationPlatforms) = preSolution
		Debug|Any CPU = Debug|Any CPU
		Release|Any CPU = Release|Any CPU
	EndGlobalSection
	GlobalSection(ProjectConfigurationPlatforms) = postSolution
		{8F9FBC4D-C7D9-4038-A190-6411DC3BA706}.Debug|Any CPU.ActiveCfg = Debug|Any CPU
		{8F9FBC4D-C7D9-4038-A190-6411DC3BA706}.Debug|Any CPU.Build.0 = Debug|Any CPU
		{8F9FBC4D-C7D9-4038-A190-6411DC3BA706}.Release|Any CPU.ActiveCfg = Release|Any CPU
		{8F9FBC4D-C7D9-4038-A190-6411DC3BA706}.Release|Any CPU.Build.0 = Release|Any CPU
	EndGlobalSection
	GlobalSection(SolutionProperties) = preSolution
		HideSolutionNode = FALSE
	EndGlobalSection
	GlobalSection(ExtensibilityGlobals) = postSolution
		SolutionGuid = {265B8C67-8284-44A3-AB1A-10577C1366DC}
	EndGlobalSection
EndGlobal
